
Microsoft Visual Studio Solution File, Format Version 12.00
# Visual Studio Version 17
VisualStudioVersion = 17.10.35122.118
MinimumVisualStudioVersion = 10.0.40219.1
Project("{FAE04EC0-301F-11D3-BF4B-00C04F79EFBC}") = "AugmentX Mobile", "AugmentX Mobile\AugmentX Mobile.csproj", "{88BD962D-BC7F-4AB8-B248-EFE884267958}"
EndProject
Global
	GlobalSection(SolutionConfigurationPlatforms) = preSolution
		Debug|Any CPU = Debug|Any CPU
		Release|Any CPU = Release|Any CPU
	EndGlobalSection
	GlobalSection(ProjectConfigurationPlatforms) = postSolution
		{88BD962D-BC7F-4AB8-B248-EFE884267958}.Debug|Any CPU.ActiveCfg = Debug|Any CPU
		{88BD962D-BC7F-4AB8-B248-EFE884267958}.Debug|Any CPU.Build.0 = Debug|Any CPU
		{88BD962D-BC7F-4AB8-B248-EFE884267958}.Debug|Any CPU.Deploy.0 = Debug|Any CPU
		{88BD962D-BC7F-4AB8-B248-EFE884267958}.Release|Any CPU.ActiveCfg = Release|Any CPU
		{88BD962D-BC7F-4AB8-B248-EFE884267958}.Release|Any CPU.Build.0 = Release|Any CPU
		{88BD962D-BC7F-4AB8-B248-EFE884267958}.Release|Any CPU.Deploy.0 = Release|Any CPU
	EndGlobalSection
	GlobalSection(SolutionProperties) = preSolution
		HideSolutionNode = FALSE
	EndGlobalSection
	GlobalSection(ExtensibilityGlobals) = postSolution
		SolutionGuid = {5F8B9258-2467-41A7-AC09-88FF05C1F13C}
	EndGlobalSection
EndGlobal
